
Microsoft Visual Studio Solution File, Format Version 12.00
# Visual Studio Version 17
VisualStudioVersion = 17.3.32922.545
MinimumVisualStudioVersion = 10.0.40219.1
Project("{9A19103F-16F7-4668-BE54-9A1E7A4F7556}") = "ConsoleApp", "ConsoleApp\ConsoleApp.csproj", "{6E30D344-AE1D-46B3-AAAC-29DD33D5B141}"
EndProject
Project("{9A19103F-16F7-4668-BE54-9A1E7A4F7556}") = "Generator", "Generator\Generator.csproj", "{238436EE-7162-4980-861C-6E70BE93829A}"
EndProject
Project("{FAE04EC0-301F-11D3-BF4B-00C04F79EFBC}") = "OtherProject", "OtherProject\OtherProject.csproj", "{2177FF49-B70E-4607-B7AD-D011252B8B54}"
EndProject
Global
	GlobalSection(SolutionConfigurationPlatforms) = preSolution
		Debug|Any CPU = Debug|Any CPU
		Release|Any CPU = Release|Any CPU
	EndGlobalSection
	GlobalSection(ProjectConfigurationPlatforms) = postSolution
		{6E30D344-AE1D-46B3-AAAC-29DD33D5B141}.Debug|Any CPU.ActiveCfg = Debug|Any CPU
		{6E30D344-AE1D-46B3-AAAC-29DD33D5B141}.Debug|Any CPU.Build.0 = Debug|Any CPU
		{6E30D344-AE1D-46B3-AAAC-29DD33D5B141}.Release|Any CPU.ActiveCfg = Release|Any CPU
		{6E30D344-AE1D-46B3-AAAC-29DD33D5B141}.Release|Any CPU.Build.0 = Release|Any CPU
		{238436EE-7162-4980-861C-6E70BE93829A}.Debug|Any CPU.ActiveCfg = Debug|Any CPU
		{238436EE-7162-4980-861C-6E70BE93829A}.Debug|Any CPU.Build.0 = Debug|Any CPU
		{238436EE-7162-4980-861C-6E70BE93829A}.Release|Any CPU.ActiveCfg = Release|Any CPU
		{238436EE-7162-4980-861C-6E70BE93829A}.Release|Any CPU.Build.0 = Release|Any CPU
		{2177FF49-B70E-4607-B7AD-D011252B8B54}.Debug|Any CPU.ActiveCfg = Debug|Any CPU
		{2177FF49-B70E-4607-B7AD-D011252B8B54}.Debug|Any CPU.Build.0 = Debug|Any CPU
		{2177FF49-B70E-4607-B7AD-D011252B8B54}.Release|Any CPU.ActiveCfg = Release|Any CPU
		{2177FF49-B70E-4607-B7AD-D011252B8B54}.Release|Any CPU.Build.0 = Release|Any CPU
	EndGlobalSection
	GlobalSection(SolutionProperties) = preSolution
		HideSolutionNode = FALSE
	EndGlobalSection
	GlobalSection(ExtensibilityGlobals) = postSolution
		SolutionGuid = {DD3DD04D-DF1A-4BEA-9EBD-F22E694DD3B3}
	EndGlobalSection
EndGlobal
